
Microsoft Visual Studio Solution File, Format Version 12.00
# Visual Studio Version 16
VisualStudioVersion = 16.0.30523.141
MinimumVisualStudioVersion = 10.0.40219.1
Project("{FAE04EC0-301F-11D3-BF4B-00C04F79EFBC}") = "TelegramBot", "TelegramBot\TelegramBot.csproj", "{5AF11555-4613-42D4-B085-482F17C2A761}"
EndProject
Global
	GlobalSection(SolutionConfigurationPlatforms) = preSolution
		Debug|Any CPU = Debug|Any CPU
		Release|Any CPU = Release|Any CPU
	EndGlobalSection
	GlobalSection(ProjectConfigurationPlatforms) = postSolution
		{5AF11555-4613-42D4-B085-482F17C2A761}.Debug|Any CPU.ActiveCfg = Debug|Any CPU
		{5AF11555-4613-42D4-B085-482F17C2A761}.Debug|Any CPU.Build.0 = Debug|Any CPU
		{5AF11555-4613-42D4-B085-482F17C2A761}.Release|Any CPU.ActiveCfg = Release|Any CPU
		{5AF11555-4613-42D4-B085-482F17C2A761}.Release|Any CPU.Build.0 = Release|Any CPU
	EndGlobalSection
	GlobalSection(SolutionProperties) = preSolution
		HideSolutionNode = FALSE
	EndGlobalSection
	GlobalSection(ExtensibilityGlobals) = postSolution
		SolutionGuid = {F9EBD673-2139-4FC8-95EF-1B69869FB95A}
	EndGlobalSection
EndGlobal
